
Microsoft Visual Studio Solution File, Format Version 12.00
# Visual Studio 15
VisualStudioVersion = 15.0.28307.1585
MinimumVisualStudioVersion = 10.0.40219.1
Project("{159641D6-6404-4A2A-AE62-294DE0FE8301}") = "SocialCare", "SocialCare\SocialCare.dtproj", "{3F5377DB-0D68-4B9C-AF70-9E3834EE4AE2}"
EndProject
Global
	GlobalSection(SolutionConfigurationPlatforms) = preSolution
		Development|Default = Development|Default
	EndGlobalSection
	GlobalSection(ProjectConfigurationPlatforms) = postSolution
		{3F5377DB-0D68-4B9C-AF70-9E3834EE4AE2}.Development|Default.ActiveCfg = Development
		{3F5377DB-0D68-4B9C-AF70-9E3834EE4AE2}.Development|Default.Build.0 = Development
	EndGlobalSection
	GlobalSection(SolutionProperties) = preSolution
		HideSolutionNode = FALSE
	EndGlobalSection
	GlobalSection(ExtensibilityGlobals) = postSolution
		SolutionGuid = {01472FD4-7682-4ED6-BE76-CB9663E110BD}
	EndGlobalSection
EndGlobal
